
Microsoft Visual Studio Solution File, Format Version 12.00
# Visual Studio 2013
VisualStudioVersion = 12.0.30501.0
MinimumVisualStudioVersion = 10.0.40219.1
Project("{FAE04EC0-301F-11D3-BF4B-00C04F79EFBC}") = "Calculator", "Calculator\Calculator.csproj", "{74266574-C0AE-4291-8B42-97A4D0811596}"
EndProject
Project("{FAE04EC0-301F-11D3-BF4B-00C04F79EFBC}") = "Calculator.Test", "Calculator.Test\Calculator.Test.csproj", "{34C77441-9BE1-434E-93DA-2AE859FFF2B7}"
EndProject
Global
	GlobalSection(SolutionConfigurationPlatforms) = preSolution
		CAMS|Any CPU = CAMS|Any CPU
		Debug|Any CPU = Debug|Any CPU
		Dev|Any CPU = Dev|Any CPU
		GAP|Any CPU = GAP|Any CPU
		GP|Any CPU = GP|Any CPU
		Int|Any CPU = Int|Any CPU
		LebanonCG|Any CPU = LebanonCG|Any CPU
		QATest|Any CPU = QATest|Any CPU
		Release|Any CPU = Release|Any CPU
		Sandbox|Any CPU = Sandbox|Any CPU
		SAS|Any CPU = SAS|Any CPU
		Staging|Any CPU = Staging|Any CPU
		Visa|Any CPU = Visa|Any CPU
		WU|Any CPU = WU|Any CPU
	EndGlobalSection
	GlobalSection(ProjectConfigurationPlatforms) = postSolution
		{74266574-C0AE-4291-8B42-97A4D0811596}.CAMS|Any CPU.ActiveCfg = CAMS|Any CPU
		{74266574-C0AE-4291-8B42-97A4D0811596}.CAMS|Any CPU.Build.0 = CAMS|Any CPU
		{74266574-C0AE-4291-8B42-97A4D0811596}.Debug|Any CPU.ActiveCfg = Debug|Any CPU
		{74266574-C0AE-4291-8B42-97A4D0811596}.Debug|Any CPU.Build.0 = Debug|Any CPU
		{74266574-C0AE-4291-8B42-97A4D0811596}.Dev|Any CPU.ActiveCfg = Dev|Any CPU
		{74266574-C0AE-4291-8B42-97A4D0811596}.Dev|Any CPU.Build.0 = Dev|Any CPU
		{74266574-C0AE-4291-8B42-97A4D0811596}.GAP|Any CPU.ActiveCfg = GAP|Any CPU
		{74266574-C0AE-4291-8B42-97A4D0811596}.GAP|Any CPU.Build.0 = GAP|Any CPU
		{74266574-C0AE-4291-8B42-97A4D0811596}.GP|Any CPU.ActiveCfg = GP|Any CPU
		{74266574-C0AE-4291-8B42-97A4D0811596}.GP|Any CPU.Build.0 = GP|Any CPU
		{74266574-C0AE-4291-8B42-97A4D0811596}.Int|Any CPU.ActiveCfg = Int|Any CPU
		{74266574-C0AE-4291-8B42-97A4D0811596}.Int|Any CPU.Build.0 = Int|Any CPU
		{74266574-C0AE-4291-8B42-97A4D0811596}.LebanonCG|Any CPU.ActiveCfg = LebanonCG|Any CPU
		{74266574-C0AE-4291-8B42-97A4D0811596}.LebanonCG|Any CPU.Build.0 = LebanonCG|Any CPU
		{74266574-C0AE-4291-8B42-97A4D0811596}.QATest|Any CPU.ActiveCfg = QATest|Any CPU
		{74266574-C0AE-4291-8B42-97A4D0811596}.QATest|Any CPU.Build.0 = QATest|Any CPU
		{74266574-C0AE-4291-8B42-97A4D0811596}.Release|Any CPU.ActiveCfg = Release|Any CPU
		{74266574-C0AE-4291-8B42-97A4D0811596}.Release|Any CPU.Build.0 = Release|Any CPU
		{74266574-C0AE-4291-8B42-97A4D0811596}.Sandbox|Any CPU.ActiveCfg = Sandbox|Any CPU
		{74266574-C0AE-4291-8B42-97A4D0811596}.Sandbox|Any CPU.Build.0 = Sandbox|Any CPU
		{74266574-C0AE-4291-8B42-97A4D0811596}.SAS|Any CPU.ActiveCfg = SAS|Any CPU
		{74266574-C0AE-4291-8B42-97A4D0811596}.SAS|Any CPU.Build.0 = SAS|Any CPU
		{74266574-C0AE-4291-8B42-97A4D0811596}.Staging|Any CPU.ActiveCfg = Staging|Any CPU
		{74266574-C0AE-4291-8B42-97A4D0811596}.Staging|Any CPU.Build.0 = Staging|Any CPU
		{74266574-C0AE-4291-8B42-97A4D0811596}.Visa|Any CPU.ActiveCfg = Visa|Any CPU
		{74266574-C0AE-4291-8B42-97A4D0811596}.Visa|Any CPU.Build.0 = Visa|Any CPU
		{74266574-C0AE-4291-8B42-97A4D0811596}.WU|Any CPU.ActiveCfg = WU|Any CPU
		{74266574-C0AE-4291-8B42-97A4D0811596}.WU|Any CPU.Build.0 = WU|Any CPU
		{34C77441-9BE1-434E-93DA-2AE859FFF2B7}.CAMS|Any CPU.ActiveCfg = CAMS|Any CPU
		{34C77441-9BE1-434E-93DA-2AE859FFF2B7}.CAMS|Any CPU.Build.0 = CAMS|Any CPU
		{34C77441-9BE1-434E-93DA-2AE859FFF2B7}.Debug|Any CPU.ActiveCfg = Debug|Any CPU
		{34C77441-9BE1-434E-93DA-2AE859FFF2B7}.Debug|Any CPU.Build.0 = Debug|Any CPU
		{34C77441-9BE1-434E-93DA-2AE859FFF2B7}.Dev|Any CPU.ActiveCfg = Dev|Any CPU
		{34C77441-9BE1-434E-93DA-2AE859FFF2B7}.Dev|Any CPU.Build.0 = Dev|Any CPU
		{34C77441-9BE1-434E-93DA-2AE859FFF2B7}.GAP|Any CPU.ActiveCfg = GAP|Any CPU
		{34C77441-9BE1-434E-93DA-2AE859FFF2B7}.GAP|Any CPU.Build.0 = GAP|Any CPU
		{34C77441-9BE1-434E-93DA-2AE859FFF2B7}.GP|Any CPU.ActiveCfg = GP|Any CPU
		{34C77441-9BE1-434E-93DA-2AE859FFF2B7}.GP|Any CPU.Build.0 = GP|Any CPU
		{34C77441-9BE1-434E-93DA-2AE859FFF2B7}.Int|Any CPU.ActiveCfg = Int|Any CPU
		{34C77441-9BE1-434E-93DA-2AE859FFF2B7}.Int|Any CPU.Build.0 = Int|Any CPU
		{34C77441-9BE1-434E-93DA-2AE859FFF2B7}.LebanonCG|Any CPU.ActiveCfg = LebanonCG|Any CPU
		{34C77441-9BE1-434E-93DA-2AE859FFF2B7}.LebanonCG|Any CPU.Build.0 = LebanonCG|Any CPU
		{34C77441-9BE1-434E-93DA-2AE859FFF2B7}.QATest|Any CPU.ActiveCfg = QATest|Any CPU
		{34C77441-9BE1-434E-93DA-2AE859FFF2B7}.QATest|Any CPU.Build.0 = QATest|Any CPU
		{34C77441-9BE1-434E-93DA-2AE859FFF2B7}.Release|Any CPU.ActiveCfg = Release|Any CPU
		{34C77441-9BE1-434E-93DA-2AE859FFF2B7}.Release|Any CPU.Build.0 = Release|Any CPU
		{34C77441-9BE1-434E-93DA-2AE859FFF2B7}.Sandbox|Any CPU.ActiveCfg = Sandbox|Any CPU
		{34C77441-9BE1-434E-93DA-2AE859FFF2B7}.Sandbox|Any CPU.Build.0 = Sandbox|Any CPU
		{34C77441-9BE1-434E-93DA-2AE859FFF2B7}.SAS|Any CPU.ActiveCfg = SAS|Any CPU
		{34C77441-9BE1-434E-93DA-2AE859FFF2B7}.SAS|Any CPU.Build.0 = SAS|Any CPU
		{34C77441-9BE1-434E-93DA-2AE859FFF2B7}.Staging|Any CPU.ActiveCfg = Staging|Any CPU
		{34C77441-9BE1-434E-93DA-2AE859FFF2B7}.Staging|Any CPU.Build.0 = Staging|Any CPU
		{34C77441-9BE1-434E-93DA-2AE859FFF2B7}.Visa|Any CPU.ActiveCfg = Visa|Any CPU
		{34C77441-9BE1-434E-93DA-2AE859FFF2B7}.Visa|Any CPU.Build.0 = Visa|Any CPU
		{34C77441-9BE1-434E-93DA-2AE859FFF2B7}.WU|Any CPU.ActiveCfg = WU|Any CPU
		{34C77441-9BE1-434E-93DA-2AE859FFF2B7}.WU|Any CPU.Build.0 = WU|Any CPU
	EndGlobalSection
	GlobalSection(SolutionProperties) = preSolution
		HideSolutionNode = FALSE
	EndGlobalSection
EndGlobal
